
Microsoft Visual Studio Solution File, Format Version 12.00
# Visual Studio Version 17
VisualStudioVersion = 17.14.36301.6
MinimumVisualStudioVersion = 10.0.40219.1
Project("{FAE04EC0-301F-11D3-BF4B-00C04F79EFBC}") = "readcsv", "readcsv.csproj", "{445120C1-A177-403B-B142-1C89AC314A04}"
EndProject
Global
	GlobalSection(SolutionConfigurationPlatforms) = preSolution
		Debug|Any CPU = Debug|Any CPU
		Release|Any CPU = Release|Any CPU
	EndGlobalSection
	GlobalSection(ProjectConfigurationPlatforms) = postSolution
		{445120C1-A177-403B-B142-1C89AC314A04}.Debug|Any CPU.ActiveCfg = Debug|Any CPU
		{445120C1-A177-403B-B142-1C89AC314A04}.Debug|Any CPU.Build.0 = Debug|Any CPU
		{445120C1-A177-403B-B142-1C89AC314A04}.Release|Any CPU.ActiveCfg = Release|Any CPU
		{445120C1-A177-403B-B142-1C89AC314A04}.Release|Any CPU.Build.0 = Release|Any CPU
	EndGlobalSection
	GlobalSection(SolutionProperties) = preSolution
		HideSolutionNode = FALSE
	EndGlobalSection
	GlobalSection(ExtensibilityGlobals) = postSolution
		SolutionGuid = {2B222254-24C6-4EA4-9BD0-13CF5C469889}
	EndGlobalSection
EndGlobal
