
Microsoft Visual Studio Solution File, Format Version 12.00
# Visual Studio Version 17
VisualStudioVersion = 17.14.36301.6
MinimumVisualStudioVersion = 10.0.40219.1
Project("{FAE04EC0-301F-11D3-BF4B-00C04F79EFBC}") = "ETL.Domain", "ETL.Domain\ETL.Domain.csproj", "{98A61D83-286C-D535-5AE8-17FE2B33E69B}"
EndProject
Project("{FAE04EC0-301F-11D3-BF4B-00C04F79EFBC}") = "ETL.Infraestructura", "ETL.Infraestructura\ETL.Infraestructura.csproj", "{A9150461-DADA-8C3D-80DB-E98BA93A7E1D}"
EndProject
Project("{FAE04EC0-301F-11D3-BF4B-00C04F79EFBC}") = "ETL.ConsoleApp", "ETL.ConsoleApp\ETL.ConsoleApp.csproj", "{7D8695E6-FC02-3A82-5DD9-C6A72006A291}"
EndProject
Global
	GlobalSection(SolutionConfigurationPlatforms) = preSolution
		Debug|Any CPU = Debug|Any CPU
		Release|Any CPU = Release|Any CPU
	EndGlobalSection
	GlobalSection(ProjectConfigurationPlatforms) = postSolution
		{98A61D83-286C-D535-5AE8-17FE2B33E69B}.Debug|Any CPU.ActiveCfg = Debug|Any CPU
		{98A61D83-286C-D535-5AE8-17FE2B33E69B}.Debug|Any CPU.Build.0 = Debug|Any CPU
		{98A61D83-286C-D535-5AE8-17FE2B33E69B}.Release|Any CPU.ActiveCfg = Release|Any CPU
		{98A61D83-286C-D535-5AE8-17FE2B33E69B}.Release|Any CPU.Build.0 = Release|Any CPU
		{A9150461-DADA-8C3D-80DB-E98BA93A7E1D}.Debug|Any CPU.ActiveCfg = Debug|Any CPU
		{A9150461-DADA-8C3D-80DB-E98BA93A7E1D}.Debug|Any CPU.Build.0 = Debug|Any CPU
		{A9150461-DADA-8C3D-80DB-E98BA93A7E1D}.Release|Any CPU.ActiveCfg = Release|Any CPU
		{A9150461-DADA-8C3D-80DB-E98BA93A7E1D}.Release|Any CPU.Build.0 = Release|Any CPU
		{7D8695E6-FC02-3A82-5DD9-C6A72006A291}.Debug|Any CPU.ActiveCfg = Debug|Any CPU
		{7D8695E6-FC02-3A82-5DD9-C6A72006A291}.Debug|Any CPU.Build.0 = Debug|Any CPU
		{7D8695E6-FC02-3A82-5DD9-C6A72006A291}.Release|Any CPU.ActiveCfg = Release|Any CPU
		{7D8695E6-FC02-3A82-5DD9-C6A72006A291}.Release|Any CPU.Build.0 = Release|Any CPU
	EndGlobalSection
	GlobalSection(SolutionProperties) = preSolution
		HideSolutionNode = FALSE
	EndGlobalSection
	GlobalSection(ExtensibilityGlobals) = postSolution
		SolutionGuid = {2B222254-24C6-4EA4-9BD0-13CF5C469889}
	EndGlobalSection
EndGlobal
